
Microsoft Visual Studio Solution File, Format Version 12.00
# Visual Studio Version 16
VisualStudioVersion = 16.0.31321.278
MinimumVisualStudioVersion = 10.0.40219.1
Project("{8BC9CEB8-8B4A-11D0-8D11-00A0C91BC942}") = "WebCPP", "WebCPP\WebCPP.vcxproj", "{467663D0-A156-4C44-93BA-733C0BF0461E}"
EndProject
Project("{8BC9CEB8-8B4A-11D0-8D11-00A0C91BC942}") = "WebBuild", "WebBuild\WebBuild.vcxproj", "{D7A55549-64DA-4409-A1A5-999C47095E86}"
EndProject
Project("{2150E333-8FDC-42A3-9474-1A3956D46DE8}") = "Solution Items", "Solution Items", "{DF1BF453-55FF-4824-8EFA-62DEF51D5FB6}"
	ProjectSection(SolutionItems) = preProject
		websolution.json = websolution.json
	EndProjectSection
EndProject
Project("{8BC9CEB8-8B4A-11D0-8D11-00A0C91BC942}") = "MusicPlayer", "Examples\MusicPlayer\App\MusicPlayerApp.vcxproj", "{B87C0832-E6D5-4744-BEA0-6B2BD6B10BFB}"
	ProjectSection(ProjectDependencies) = postProject
		{467663D0-A156-4C44-93BA-733C0BF0461E} = {467663D0-A156-4C44-93BA-733C0BF0461E}
	EndProjectSection
EndProject
Project("{8BC9CEB8-8B4A-11D0-8D11-00A0C91BC942}") = "MusicPlayerWebpkg", "Examples\MusicPlayer\Webpkg\MusicPlayerWebpkg.vcxproj", "{58C8A6E3-7522-4BB2-B8E7-F5ACA706F751}"
	ProjectSection(ProjectDependencies) = postProject
		{467663D0-A156-4C44-93BA-733C0BF0461E} = {467663D0-A156-4C44-93BA-733C0BF0461E}
	EndProjectSection
EndProject
Project("{8BC9CEB8-8B4A-11D0-8D11-00A0C91BC942}") = "WebsiteWebserver", "Examples\Website\Webserver\WebsiteWebserver.vcxproj", "{86F9C005-79E6-4486-9557-0918584CF50F}"
EndProject
Project("{8BC9CEB8-8B4A-11D0-8D11-00A0C91BC942}") = "WebsiteWebpkg", "Examples\Website\Webpkg\WebsiteWebpkg.vcxproj", "{61D5F197-3DE4-499C-8679-E642EDA2474E}"
EndProject
Global
	GlobalSection(SolutionConfigurationPlatforms) = preSolution
		Debug|x64 = Debug|x64
		Release|x64 = Release|x64
	EndGlobalSection
	GlobalSection(ProjectConfigurationPlatforms) = postSolution
		{467663D0-A156-4C44-93BA-733C0BF0461E}.Debug|x64.ActiveCfg = Debug|x64
		{467663D0-A156-4C44-93BA-733C0BF0461E}.Debug|x64.Build.0 = Debug|x64
		{467663D0-A156-4C44-93BA-733C0BF0461E}.Release|x64.ActiveCfg = Release|x64
		{467663D0-A156-4C44-93BA-733C0BF0461E}.Release|x64.Build.0 = Release|x64
		{D7A55549-64DA-4409-A1A5-999C47095E86}.Debug|x64.ActiveCfg = Debug|x64
		{D7A55549-64DA-4409-A1A5-999C47095E86}.Debug|x64.Build.0 = Debug|x64
		{D7A55549-64DA-4409-A1A5-999C47095E86}.Release|x64.ActiveCfg = Release|x64
		{D7A55549-64DA-4409-A1A5-999C47095E86}.Release|x64.Build.0 = Release|x64
		{B87C0832-E6D5-4744-BEA0-6B2BD6B10BFB}.Debug|x64.ActiveCfg = Debug|x64
		{B87C0832-E6D5-4744-BEA0-6B2BD6B10BFB}.Debug|x64.Build.0 = Debug|x64
		{B87C0832-E6D5-4744-BEA0-6B2BD6B10BFB}.Release|x64.ActiveCfg = Release|x64
		{B87C0832-E6D5-4744-BEA0-6B2BD6B10BFB}.Release|x64.Build.0 = Release|x64
		{58C8A6E3-7522-4BB2-B8E7-F5ACA706F751}.Debug|x64.ActiveCfg = Debug|x64
		{58C8A6E3-7522-4BB2-B8E7-F5ACA706F751}.Debug|x64.Build.0 = Debug|x64
		{58C8A6E3-7522-4BB2-B8E7-F5ACA706F751}.Release|x64.ActiveCfg = Release|x64
		{58C8A6E3-7522-4BB2-B8E7-F5ACA706F751}.Release|x64.Build.0 = Release|x64
		{86F9C005-79E6-4486-9557-0918584CF50F}.Debug|x64.ActiveCfg = Debug|x64
		{86F9C005-79E6-4486-9557-0918584CF50F}.Debug|x64.Build.0 = Debug|x64
		{86F9C005-79E6-4486-9557-0918584CF50F}.Release|x64.ActiveCfg = Release|x64
		{86F9C005-79E6-4486-9557-0918584CF50F}.Release|x64.Build.0 = Release|x64
		{61D5F197-3DE4-499C-8679-E642EDA2474E}.Debug|x64.ActiveCfg = Debug|x64
		{61D5F197-3DE4-499C-8679-E642EDA2474E}.Debug|x64.Build.0 = Debug|x64
		{61D5F197-3DE4-499C-8679-E642EDA2474E}.Release|x64.ActiveCfg = Release|x64
		{61D5F197-3DE4-499C-8679-E642EDA2474E}.Release|x64.Build.0 = Release|x64
	EndGlobalSection
	GlobalSection(SolutionProperties) = preSolution
		HideSolutionNode = FALSE
	EndGlobalSection
	GlobalSection(ExtensibilityGlobals) = postSolution
		SolutionGuid = {1FE82460-75E3-4953-9C29-9FE8363AD528}
	EndGlobalSection
EndGlobal
