<?xml version="1.0" encoding="utf-8"?>
<Project ToolsVersion="4.0" xmlns="http://schemas.microsoft.com/developer/msbuild/2003">
  <ItemGroup>
    <None Include="webproject.json" />
    <None Include="resample\LICENSE">
      <Filter>resample</Filter>
    </None>
  </ItemGroup>
  <ItemGroup>
    <Filter Include="resample">
      <UniqueIdentifier>{f572c3f8-2e2d-490b-973b-07b90e138bed}</UniqueIdentifier>
    </Filter>
    <Filter Include="xml">
      <UniqueIdentifier>{2b31910f-24c6-4dd8-a688-807f73104c77}</UniqueIdentifier>
    </Filter>
  </ItemGroup>
  <ItemGroup>
    <ClInclude Include="resample\CDSPBlockConvolver.h">
      <Filter>resample</Filter>
    </ClInclude>
    <ClInclude Include="resample\CDSPFIRFilter.h">
      <Filter>resample</Filter>
    </ClInclude>
    <ClInclude Include="resample\CDSPFracInterpolator.h">
      <Filter>resample</Filter>
    </ClInclude>
    <ClInclude Include="resample\CDSPHBDownsampler.h">
      <Filter>resample</Filter>
    </ClInclude>
    <ClInclude Include="resample\CDSPHBUpsampler.h">
      <Filter>resample</Filter>
    </ClInclude>
    <ClInclude Include="resample\CDSPProcessor.h">
      <Filter>resample</Filter>
    </ClInclude>
    <ClInclude Include="resample\CDSPRealFFT.h">
      <Filter>resample</Filter>
    </ClInclude>
    <ClInclude Include="resample\CDSPResampler.h">
      <Filter>resample</Filter>
    </ClInclude>
    <ClInclude Include="resample\CDSPSincFilterGen.h">
      <Filter>resample</Filter>
    </ClInclude>
    <ClInclude Include="resample\fft4g.h">
      <Filter>resample</Filter>
    </ClInclude>
    <ClInclude Include="resample\pffft.h">
      <Filter>resample</Filter>
    </ClInclude>
    <ClInclude Include="resample\r8bbase.h">
      <Filter>resample</Filter>
    </ClInclude>
    <ClInclude Include="resample\r8bconf.h">
      <Filter>resample</Filter>
    </ClInclude>
    <ClInclude Include="resample\r8butil.h">
      <Filter>resample</Filter>
    </ClInclude>
    <ClInclude Include="xml\block_allocator.h">
      <Filter>xml</Filter>
    </ClInclude>
    <ClInclude Include="xml\xml_document.h">
      <Filter>xml</Filter>
    </ClInclude>
    <ClInclude Include="xml\xml_document_impl.h">
      <Filter>xml</Filter>
    </ClInclude>
    <ClInclude Include="xml\xml_node.h">
      <Filter>xml</Filter>
    </ClInclude>
    <ClInclude Include="xml\xml_node_impl.h">
      <Filter>xml</Filter>
    </ClInclude>
    <ClInclude Include="xml\xml_token.h">
      <Filter>xml</Filter>
    </ClInclude>
    <ClInclude Include="xml\xml_tokenizer.h">
      <Filter>xml</Filter>
    </ClInclude>
    <ClInclude Include="xml\xml_tokenizer_impl.h">
      <Filter>xml</Filter>
    </ClInclude>
    <ClInclude Include="xml\xml_tree_node.h">
      <Filter>xml</Filter>
    </ClInclude>
    <ClInclude Include="xml\xml_writer.h">
      <Filter>xml</Filter>
    </ClInclude>
    <ClInclude Include="xml\xml_writer_impl.h">
      <Filter>xml</Filter>
    </ClInclude>
    <ClInclude Include="audioplayer.h" />
    <ClInclude Include="audiosource.h" />
    <ClInclude Include="browser_app.h" />
    <ClInclude Include="browser_client.h" />
    <ClInclude Include="dr_flac.h" />
    <ClInclude Include="dr_wav.h" />
    <ClInclude Include="file.h" />
    <ClInclude Include="http_client.h" />
    <ClInclude Include="json_value.h" />
    <ClInclude Include="minimp3.h" />
    <ClInclude Include="minimp3_ex.h" />
    <ClInclude Include="player_controller.h" />
    <ClInclude Include="resource.h" />
    <ClInclude Include="stb_vorbis.h" />
    <ClInclude Include="utf8_reader.h" />
    <ClInclude Include="win32_window.h" />
    <ClInclude Include="win32_window_shadow.h" />
  </ItemGroup>
  <ItemGroup>
    <ClCompile Include="resample\pffft.cpp">
      <Filter>resample</Filter>
    </ClCompile>
    <ClCompile Include="resample\r8bbase.cpp">
      <Filter>resample</Filter>
    </ClCompile>
    <ClCompile Include="xml\block_allocator.cpp">
      <Filter>xml</Filter>
    </ClCompile>
    <ClCompile Include="xml\xml_document.cpp">
      <Filter>xml</Filter>
    </ClCompile>
    <ClCompile Include="xml\xml_node.cpp">
      <Filter>xml</Filter>
    </ClCompile>
    <ClCompile Include="xml\xml_tokenizer.cpp">
      <Filter>xml</Filter>
    </ClCompile>
    <ClCompile Include="xml\xml_writer.cpp">
      <Filter>xml</Filter>
    </ClCompile>
    <ClCompile Include="audioplayer.cpp" />
    <ClCompile Include="audiosource.cpp" />
    <ClCompile Include="browser_app.cpp" />
    <ClCompile Include="browser_client.cpp" />
    <ClCompile Include="file.cpp" />
    <ClCompile Include="http_client.cpp" />
    <ClCompile Include="json_value.cpp" />
    <ClCompile Include="player_controller.cpp" />
    <ClCompile Include="utf8_reader.cpp" />
    <ClCompile Include="win32_window.cpp" />
    <ClCompile Include="win32_window_shadow.cpp" />
    <ClCompile Include="winmain.cpp" />
  </ItemGroup>
  <ItemGroup>
    <Manifest Include="musicplayer.manifest" />
  </ItemGroup>
  <ItemGroup>
    <ResourceCompile Include="musicplayer.rc" />
  </ItemGroup>
</Project>